
Microsoft Visual Studio Solution File, Format Version 12.00
# Visual Studio Version 17
VisualStudioVersion = 17.3.32819.101
MinimumVisualStudioVersion = 10.0.40219.1
Project("{FAE04EC0-301F-11D3-BF4B-00C04F79EFBC}") = "datatable app", "datatable app.csproj", "{8C01E9D9-28AC-4D5E-B78F-4689256763DB}"
EndProject
Global
	GlobalSection(SolutionConfigurationPlatforms) = preSolution
		Debug|Any CPU = Debug|Any CPU
		Release|Any CPU = Release|Any CPU
	EndGlobalSection
	GlobalSection(ProjectConfigurationPlatforms) = postSolution
		{8C01E9D9-28AC-4D5E-B78F-4689256763DB}.Debug|Any CPU.ActiveCfg = Debug|Any CPU
		{8C01E9D9-28AC-4D5E-B78F-4689256763DB}.Debug|Any CPU.Build.0 = Debug|Any CPU
		{8C01E9D9-28AC-4D5E-B78F-4689256763DB}.Release|Any CPU.ActiveCfg = Release|Any CPU
		{8C01E9D9-28AC-4D5E-B78F-4689256763DB}.Release|Any CPU.Build.0 = Release|Any CPU
	EndGlobalSection
	GlobalSection(SolutionProperties) = preSolution
		HideSolutionNode = FALSE
	EndGlobalSection
	GlobalSection(ExtensibilityGlobals) = postSolution
		SolutionGuid = {763A5A73-D4C2-431C-AD54-F4E78A257665}
	EndGlobalSection
EndGlobal
